{
  "requires": true,
  "lockfileVersion": 1,
  "dependencies": {
    "@types/underscore": {
      "version": "1.8.3",
      "resolved": "https://registry.npmjs.org/@types/underscore/-/underscore-1.8.3.tgz",
      "integrity": "sha512-DP70788BXjp9+CKArXOUlNkZaXa+rHonDpbqH3/74ez16dLL5z2/bMT37etbln5J+H9M07NbRUyduDIoTM2tnw=="
    },
    "typescript": {
      "version": "3.6.3",
      "resolved": "https://registry.npmjs.org/typescript/-/typescript-3.6.3.tgz",
      "integrity": "sha512-N7bceJL1CtRQ2RiG0AQME13ksR7DiuQh/QehubYcghzv20tnh+MQnQIuJddTmsbqYj+dztchykemz0zFzlvdQw==",
      "dev": true
    }
  }
}
